
Microsoft Visual Studio Solution File, Format Version 12.00
# Visual Studio Version 16
VisualStudioVersion = 16.0.30320.27
MinimumVisualStudioVersion = 10.0.40219.1
Project("{FAE04EC0-301F-11D3-BF4B-00C04F79EFBC}") = "SuperAdventure", "SuperAdventure\SuperAdventure.csproj", "{6A64B978-CA79-4717-95BE-EFE0998D3483}"
EndProject
Project("{FAE04EC0-301F-11D3-BF4B-00C04F79EFBC}") = "Engine", "Engine\Engine.csproj", "{946111DF-CB61-42FA-9288-2492080EF3FF}"
EndProject
Global
	GlobalSection(SolutionConfigurationPlatforms) = preSolution
		Debug|Any CPU = Debug|Any CPU
		Release|Any CPU = Release|Any CPU
	EndGlobalSection
	GlobalSection(ProjectConfigurationPlatforms) = postSolution
		{6A64B978-CA79-4717-95BE-EFE0998D3483}.Debug|Any CPU.ActiveCfg = Debug|Any CPU
		{6A64B978-CA79-4717-95BE-EFE0998D3483}.Debug|Any CPU.Build.0 = Debug|Any CPU
		{6A64B978-CA79-4717-95BE-EFE0998D3483}.Release|Any CPU.ActiveCfg = Release|Any CPU
		{6A64B978-CA79-4717-95BE-EFE0998D3483}.Release|Any CPU.Build.0 = Release|Any CPU
		{946111DF-CB61-42FA-9288-2492080EF3FF}.Debug|Any CPU.ActiveCfg = Debug|Any CPU
		{946111DF-CB61-42FA-9288-2492080EF3FF}.Debug|Any CPU.Build.0 = Debug|Any CPU
		{946111DF-CB61-42FA-9288-2492080EF3FF}.Release|Any CPU.ActiveCfg = Release|Any CPU
		{946111DF-CB61-42FA-9288-2492080EF3FF}.Release|Any CPU.Build.0 = Release|Any CPU
	EndGlobalSection
	GlobalSection(SolutionProperties) = preSolution
		HideSolutionNode = FALSE
	EndGlobalSection
	GlobalSection(ExtensibilityGlobals) = postSolution
		SolutionGuid = {396539CB-DAC3-4DBB-9402-F5F3A547165C}
	EndGlobalSection
EndGlobal
